
Microsoft Visual Studio Solution File, Format Version 12.00
# Visual Studio Version 17
VisualStudioVersion = 17.8.34525.116
MinimumVisualStudioVersion = 10.0.40219.1
Project("{2150E333-8FDC-42A3-9474-1A3956D46DE8}") = "01.Domain", "01.Domain", "{A6DC11AE-96E2-4D82-9DBA-D1DD71976D20}"
EndProject
Project("{2150E333-8FDC-42A3-9474-1A3956D46DE8}") = "02.Application", "02.Application", "{6E794F24-C0BE-4CA3-A5F9-0673689DDC18}"
EndProject
Project("{2150E333-8FDC-42A3-9474-1A3956D46DE8}") = "03.Api", "03.Api", "{8BA51B5D-B269-455C-A777-DBF83DA239BC}"
EndProject
Project("{2150E333-8FDC-42A3-9474-1A3956D46DE8}") = "04.UI", "04.UI", "{DF11AFFD-ED5B-41A5-85CC-0BCE9B91234A}"
EndProject
Project("{9A19103F-16F7-4668-BE54-9A1E7A4F7556}") = "EasyERP.UI", "EasyERP.UI\EasyERP.UI.csproj", "{27ED6800-2A5E-497B-8C1E-2A076199087B}"
EndProject
Project("{9A19103F-16F7-4668-BE54-9A1E7A4F7556}") = "EasyERP.Domain", "EasyERP.Domain\EasyERP.Domain.csproj", "{14BB227E-A68A-484D-A27D-3E0625EB7E7F}"
EndProject
Project("{9A19103F-16F7-4668-BE54-9A1E7A4F7556}") = "EasyERP.Application", "EasyERP.Application\EasyERP.Application.csproj", "{C109C8E5-39B0-4975-8CBE-A5D0B1172714}"
EndProject
Project("{9A19103F-16F7-4668-BE54-9A1E7A4F7556}") = "EasyERP.Api", "EasyERP.Api\EasyERP.Api.csproj", "{55586AFF-443B-48E8-82EA-06FEB035544B}"
EndProject
Project("{FAE04EC0-301F-11D3-BF4B-00C04F79EFBC}") = "EasyERP.Enum", "EasyERP.Enum\EasyERP.Enum.csproj", "{AF323B9A-FBB4-4684-A9B5-B1605898D2BC}"
EndProject
Project("{FAE04EC0-301F-11D3-BF4B-00C04F79EFBC}") = "EasyERP.Utils", "EasyERP.Utils\EasyERP.Utils.csproj", "{A17E8AA9-DBFD-4334-A4F9-6D933528D493}"
EndProject
Global
	GlobalSection(SolutionConfigurationPlatforms) = preSolution
		Debug|Any CPU = Debug|Any CPU
		Release|Any CPU = Release|Any CPU
	EndGlobalSection
	GlobalSection(ProjectConfigurationPlatforms) = postSolution
		{27ED6800-2A5E-497B-8C1E-2A076199087B}.Debug|Any CPU.ActiveCfg = Debug|Any CPU
		{27ED6800-2A5E-497B-8C1E-2A076199087B}.Debug|Any CPU.Build.0 = Debug|Any CPU
		{27ED6800-2A5E-497B-8C1E-2A076199087B}.Release|Any CPU.ActiveCfg = Release|Any CPU
		{27ED6800-2A5E-497B-8C1E-2A076199087B}.Release|Any CPU.Build.0 = Release|Any CPU
		{14BB227E-A68A-484D-A27D-3E0625EB7E7F}.Debug|Any CPU.ActiveCfg = Debug|Any CPU
		{14BB227E-A68A-484D-A27D-3E0625EB7E7F}.Debug|Any CPU.Build.0 = Debug|Any CPU
		{14BB227E-A68A-484D-A27D-3E0625EB7E7F}.Release|Any CPU.ActiveCfg = Release|Any CPU
		{14BB227E-A68A-484D-A27D-3E0625EB7E7F}.Release|Any CPU.Build.0 = Release|Any CPU
		{C109C8E5-39B0-4975-8CBE-A5D0B1172714}.Debug|Any CPU.ActiveCfg = Debug|Any CPU
		{C109C8E5-39B0-4975-8CBE-A5D0B1172714}.Debug|Any CPU.Build.0 = Debug|Any CPU
		{C109C8E5-39B0-4975-8CBE-A5D0B1172714}.Release|Any CPU.ActiveCfg = Release|Any CPU
		{C109C8E5-39B0-4975-8CBE-A5D0B1172714}.Release|Any CPU.Build.0 = Release|Any CPU
		{55586AFF-443B-48E8-82EA-06FEB035544B}.Debug|Any CPU.ActiveCfg = Debug|Any CPU
		{55586AFF-443B-48E8-82EA-06FEB035544B}.Debug|Any CPU.Build.0 = Debug|Any CPU
		{55586AFF-443B-48E8-82EA-06FEB035544B}.Release|Any CPU.ActiveCfg = Release|Any CPU
		{55586AFF-443B-48E8-82EA-06FEB035544B}.Release|Any CPU.Build.0 = Release|Any CPU
		{AF323B9A-FBB4-4684-A9B5-B1605898D2BC}.Debug|Any CPU.ActiveCfg = Debug|Any CPU
		{AF323B9A-FBB4-4684-A9B5-B1605898D2BC}.Debug|Any CPU.Build.0 = Debug|Any CPU
		{AF323B9A-FBB4-4684-A9B5-B1605898D2BC}.Release|Any CPU.ActiveCfg = Release|Any CPU
		{AF323B9A-FBB4-4684-A9B5-B1605898D2BC}.Release|Any CPU.Build.0 = Release|Any CPU
		{A17E8AA9-DBFD-4334-A4F9-6D933528D493}.Debug|Any CPU.ActiveCfg = Debug|Any CPU
		{A17E8AA9-DBFD-4334-A4F9-6D933528D493}.Debug|Any CPU.Build.0 = Debug|Any CPU
		{A17E8AA9-DBFD-4334-A4F9-6D933528D493}.Release|Any CPU.ActiveCfg = Release|Any CPU
		{A17E8AA9-DBFD-4334-A4F9-6D933528D493}.Release|Any CPU.Build.0 = Release|Any CPU
	EndGlobalSection
	GlobalSection(SolutionProperties) = preSolution
		HideSolutionNode = FALSE
	EndGlobalSection
	GlobalSection(NestedProjects) = preSolution
		{27ED6800-2A5E-497B-8C1E-2A076199087B} = {DF11AFFD-ED5B-41A5-85CC-0BCE9B91234A}
		{14BB227E-A68A-484D-A27D-3E0625EB7E7F} = {A6DC11AE-96E2-4D82-9DBA-D1DD71976D20}
		{C109C8E5-39B0-4975-8CBE-A5D0B1172714} = {6E794F24-C0BE-4CA3-A5F9-0673689DDC18}
		{55586AFF-443B-48E8-82EA-06FEB035544B} = {8BA51B5D-B269-455C-A777-DBF83DA239BC}
		{AF323B9A-FBB4-4684-A9B5-B1605898D2BC} = {A6DC11AE-96E2-4D82-9DBA-D1DD71976D20}
		{A17E8AA9-DBFD-4334-A4F9-6D933528D493} = {A6DC11AE-96E2-4D82-9DBA-D1DD71976D20}
	EndGlobalSection
	GlobalSection(ExtensibilityGlobals) = postSolution
		SolutionGuid = {D9A25785-87FE-4A9F-BFBE-0DCC24DBD5C6}
	EndGlobalSection
EndGlobal
